
Microsoft Visual Studio Solution File, Format Version 12.00
# Visual Studio Version 17
VisualStudioVersion = 17.5.002.0
MinimumVisualStudioVersion = 10.0.40219.1
Project("{9A19103F-16F7-4668-BE54-9A1E7A4F7556}") = "erga", "erga.csproj", "{0748A4C7-E22C-49E0-8CFA-E83E02074173}"
EndProject
Global
	GlobalSection(SolutionConfigurationPlatforms) = preSolution
		Debug|Any CPU = Debug|Any CPU
		Release|Any CPU = Release|Any CPU
	EndGlobalSection
	GlobalSection(ProjectConfigurationPlatforms) = postSolution
		{0748A4C7-E22C-49E0-8CFA-E83E02074173}.Debug|Any CPU.ActiveCfg = Debug|Any CPU
		{0748A4C7-E22C-49E0-8CFA-E83E02074173}.Debug|Any CPU.Build.0 = Debug|Any CPU
		{0748A4C7-E22C-49E0-8CFA-E83E02074173}.Release|Any CPU.ActiveCfg = Release|Any CPU
		{0748A4C7-E22C-49E0-8CFA-E83E02074173}.Release|Any CPU.Build.0 = Release|Any CPU
	EndGlobalSection
	GlobalSection(SolutionProperties) = preSolution
		HideSolutionNode = FALSE
	EndGlobalSection
	GlobalSection(ExtensibilityGlobals) = postSolution
		SolutionGuid = {EB97C9CE-DD3C-4A27-A427-6961B6DB1572}
	EndGlobalSection
EndGlobal
